// !$*UTF8*$!
{
	archiveVersion = 1;
	classes = {
	};
	objectVersion = 46;
	objects = {

/* Begin PBXBuildFile section */
		969C49CA16EE7B4D00231878 /* Foundation.framework in Frameworks */ = {isa = PBXBuildFile; fileRef = 969C49C916EE7B4D00231878 /* Foundation.framework */; };
		969C49CC16EE7B4D00231878 /* UIKit.framework in Frameworks */ = {isa = PBXBuildFile; fileRef = 969C49CB16EE7B4D00231878 /* UIKit.framework */; };
		969C49CE16EE7B4D00231878 /* CoreGraphics.framework in Frameworks */ = {isa = PBXBuildFile; fileRef = 969C49CD16EE7B4D00231878 /* CoreGraphics.framework */; };
		969C49D016EE7B4D00231878 /* AddressBook.framework in Frameworks */ = {isa = PBXBuildFile; fileRef = 969C49CF16EE7B4D00231878 /* AddressBook.framework */; };
		969C49D216EE7B4D00231878 /* AddressBookUI.framework in Frameworks */ = {isa = PBXBuildFile; fileRef = 969C49D116EE7B4D00231878 /* AddressBookUI.framework */; };
		969C49D416EE7B4D00231878 /* AudioToolbox.framework in Frameworks */ = {isa = PBXBuildFile; fileRef = 969C49D316EE7B4D00231878 /* AudioToolbox.framework */; };
		969C49D616EE7B4D00231878 /* AVFoundation.framework in Frameworks */ = {isa = PBXBuildFile; fileRef = 969C49D516EE7B4D00231878 /* AVFoundation.framework */; };
		969C49D816EE7B4D00231878 /* CoreLocation.framework in Frameworks */ = {isa = PBXBuildFile; fileRef = 969C49D716EE7B4D00231878 /* CoreLocation.framework */; };
		969C49DA16EE7B4D00231878 /* MediaPlayer.framework in Frameworks */ = {isa = PBXBuildFile; fileRef = 969C49D916EE7B4D00231878 /* MediaPlayer.framework */; };
		969C49DC16EE7B4D00231878 /* QuartzCore.framework in Frameworks */ = {isa = PBXBuildFile; fileRef = 969C49DB16EE7B4D00231878 /* QuartzCore.framework */; };
		969C49DE16EE7B4D00231878 /* SystemConfiguration.framework in Frameworks */ = {isa = PBXBuildFile; fileRef = 969C49DD16EE7B4D00231878 /* SystemConfiguration.framework */; };
		969C49E016EE7B4D00231878 /* MobileCoreServices.framework in Frameworks */ = {isa = PBXBuildFile; fileRef = 969C49DF16EE7B4D00231878 /* MobileCoreServices.framework */; };
		969C49E216EE7B4D00231878 /* CoreMedia.framework in Frameworks */ = {isa = PBXBuildFile; fileRef = 969C49E116EE7B4D00231878 /* CoreMedia.framework */; };
		969C49E816EE7B4D00231878 /* InfoPlist.strings in Resources */ = {isa = PBXBuildFile; fileRef = 969C49E616EE7B4D00231878 /* InfoPlist.strings */; };
		969C49EA16EE7B4D00231878 /* main.m in Sources */ = {isa = PBXBuildFile; fileRef = 969C49E916EE7B4D00231878 /* main.m */; };
		969C49ED16EE7B4D00231878 /* Cordova.framework in Frameworks */ = {isa = PBXBuildFile; fileRef = 969C49EC16EE7B4D00231878 /* Cordova.framework */; };
		969C49F216EE7B4D00231878 /* Localizable.strings in Resources */ = {isa = PBXBuildFile; fileRef = 969C49F016EE7B4D00231878 /* Localizable.strings */; };
		969C49F616EE7B4D00231878 /* Localizable.strings in Resources */ = {isa = PBXBuildFile; fileRef = 969C49F416EE7B4D00231878 /* Localizable.strings */; };
		969C49FA16EE7B4D00231878 /* Localizable.strings in Resources */ = {isa = PBXBuildFile; fileRef = 969C49F816EE7B4D00231878 /* Localizable.strings */; };
		969C49FE16EE7B4D00231878 /* Localizable.strings in Resources */ = {isa = PBXBuildFile; fileRef = 969C49FC16EE7B4D00231878 /* Localizable.strings */; };
		969C4A0116EE7B4D00231878 /* icon.png in Resources */ = {isa = PBXBuildFile; fileRef = 969C4A0016EE7B4D00231878 /* icon.png */; };
		969C4A0316EE7B4D00231878 /* icon@2x.png in Resources */ = {isa = PBXBuildFile; fileRef = 969C4A0216EE7B4D00231878 /* icon@2x.png */; };
		969C4A0516EE7B4D00231878 /* icon-72.png in Resources */ = {isa = PBXBuildFile; fileRef = 969C4A0416EE7B4D00231878 /* icon-72.png */; };
		969C4A0816EE7B4D00231878 /* Default~iphone.png in Resources */ = {isa = PBXBuildFile; fileRef = 969C4A0716EE7B4D00231878 /* Default~iphone.png */; };
		969C4A0A16EE7B4D00231878 /* Default@2x~iphone.png in Resources */ = {isa = PBXBuildFile; fileRef = 969C4A0916EE7B4D00231878 /* Default@2x~iphone.png */; };
		969C4A0C16EE7B4D00231878 /* Capture.bundle in Resources */ = {isa = PBXBuildFile; fileRef = 969C4A0B16EE7B4D00231878 /* Capture.bundle */; };
		969C4A0E16EE7B4D00231878 /* Cordova.plist in Resources */ = {isa = PBXBuildFile; fileRef = 969C4A0D16EE7B4D00231878 /* Cordova.plist */; };
		969C4A1216EE7B4D00231878 /* AppDelegate.m in Sources */ = {isa = PBXBuildFile; fileRef = 969C4A1116EE7B4D00231878 /* AppDelegate.m */; };
		969C4A1516EE7B4D00231878 /* MainViewController.m in Sources */ = {isa = PBXBuildFile; fileRef = 969C4A1416EE7B4D00231878 /* MainViewController.m */; };
		969C4A1716EE7B4D00231878 /* MainViewController.xib in Resources */ = {isa = PBXBuildFile; fileRef = 969C4A1616EE7B4D00231878 /* MainViewController.xib */; };
		969C4A2616EE7C6200231878 /* www in Resources */ = {isa = PBXBuildFile; fileRef = 969C4A2516EE7C6200231878 /* www */; };
		969C4A2816EE7EA000231878 /* Default-568h@2x.png in Resources */ = {isa = PBXBuildFile; fileRef = 969C4A2716EE7EA000231878 /* Default-568h@2x.png */; };
/* End PBXBuildFile section */

/* Begin PBXFileReference section */
		969C49C616EE7B4D00231878 /* SVHorn.app */ = {isa = PBXFileReference; explicitFileType = wrapper.application; includeInIndex = 0; path = SVHorn.app; sourceTree = BUILT_PRODUCTS_DIR; };
		969C49C916EE7B4D00231878 /* Foundation.framework */ = {isa = PBXFileReference; lastKnownFileType = wrapper.framework; name = Foundation.framework; path = System/Library/Frameworks/Foundation.framework; sourceTree = SDKROOT; };
		969C49CB16EE7B4D00231878 /* UIKit.framework */ = {isa = PBXFileReference; lastKnownFileType = wrapper.framework; name = UIKit.framework; path = System/Library/Frameworks/UIKit.framework; sourceTree = SDKROOT; };
		969C49CD16EE7B4D00231878 /* CoreGraphics.framework */ = {isa = PBXFileReference; lastKnownFileType = wrapper.framework; name = CoreGraphics.framework; path = System/Library/Frameworks/CoreGraphics.framework; sourceTree = SDKROOT; };
		969C49CF16EE7B4D00231878 /* AddressBook.framework */ = {isa = PBXFileReference; lastKnownFileType = wrapper.framework; name = AddressBook.framework; path = System/Library/Frameworks/AddressBook.framework; sourceTree = SDKROOT; };
		969C49D116EE7B4D00231878 /* AddressBookUI.framework */ = {isa = PBXFileReference; lastKnownFileType = wrapper.framework; name = AddressBookUI.framework; path = System/Library/Frameworks/AddressBookUI.framework; sourceTree = SDKROOT; };
		969C49D316EE7B4D00231878 /* AudioToolbox.framework */ = {isa = PBXFileReference; lastKnownFileType = wrapper.framework; name = AudioToolbox.framework; path = System/Library/Frameworks/AudioToolbox.framework; sourceTree = SDKROOT; };
		969C49D516EE7B4D00231878 /* AVFoundation.framework */ = {isa = PBXFileReference; lastKnownFileType = wrapper.framework; name = AVFoundation.framework; path = System/Library/Frameworks/AVFoundation.framework; sourceTree = SDKROOT; };
		969C49D716EE7B4D00231878 /* CoreLocation.framework */ = {isa = PBXFileReference; lastKnownFileType = wrapper.framework; name = CoreLocation.framework; path = System/Library/Frameworks/CoreLocation.framework; sourceTree = SDKROOT; };
		969C49D916EE7B4D00231878 /* MediaPlayer.framework */ = {isa = PBXFileReference; lastKnownFileType = wrapper.framework; name = MediaPlayer.framework; path = System/Library/Frameworks/MediaPlayer.framework; sourceTree = SDKROOT; };
		969C49DB16EE7B4D00231878 /* QuartzCore.framework */ = {isa = PBXFileReference; lastKnownFileType = wrapper.framework; name = QuartzCore.framework; path = System/Library/Frameworks/QuartzCore.framework; sourceTree = SDKROOT; };
		969C49DD16EE7B4D00231878 /* SystemConfiguration.framework */ = {isa = PBXFileReference; lastKnownFileType = wrapper.framework; name = SystemConfiguration.framework; path = System/Library/Frameworks/SystemConfiguration.framework; sourceTree = SDKROOT; };
		969C49DF16EE7B4D00231878 /* MobileCoreServices.framework */ = {isa = PBXFileReference; lastKnownFileType = wrapper.framework; name = MobileCoreServices.framework; path = System/Library/Frameworks/MobileCoreServices.framework; sourceTree = SDKROOT; };
		969C49E116EE7B4D00231878 /* CoreMedia.framework */ = {isa = PBXFileReference; lastKnownFileType = wrapper.framework; name = CoreMedia.framework; path = System/Library/Frameworks/CoreMedia.framework; sourceTree = SDKROOT; };
		969C49E516EE7B4D00231878 /* SVHorn-Info.plist */ = {isa = PBXFileReference; lastKnownFileType = text.plist.xml; path = "SVHorn-Info.plist"; sourceTree = "<group>"; };
		969C49E716EE7B4D00231878 /* en */ = {isa = PBXFileReference; lastKnownFileType = text.plist.strings; name = en; path = en.lproj/InfoPlist.strings; sourceTree = "<group>"; };
		969C49E916EE7B4D00231878 /* main.m */ = {isa = PBXFileReference; lastKnownFileType = sourcecode.c.objc; path = main.m; sourceTree = "<group>"; };
		969C49EB16EE7B4D00231878 /* SVHorn-Prefix.pch */ = {isa = PBXFileReference; lastKnownFileType = sourcecode.c.h; path = "SVHorn-Prefix.pch"; sourceTree = "<group>"; };
		969C49EC16EE7B4D00231878 /* Cordova.framework */ = {isa = PBXFileReference; lastKnownFileType = wrapper.framework; name = Cordova.framework; path = /Users/Shared/Cordova/Frameworks/Cordova.framework; sourceTree = "<absolute>"; };
		969C49F116EE7B4D00231878 /* en */ = {isa = PBXFileReference; lastKnownFileType = text.plist.strings; name = en; path = Resources/en.lproj/Localizable.strings; sourceTree = "<group>"; };
		969C49F516EE7B4D00231878 /* es */ = {isa = PBXFileReference; lastKnownFileType = text.plist.strings; name = es; path = Resources/es.lproj/Localizable.strings; sourceTree = "<group>"; };
		969C49F916EE7B4D00231878 /* de */ = {isa = PBXFileReference; lastKnownFileType = text.plist.strings; name = de; path = Resources/de.lproj/Localizable.strings; sourceTree = "<group>"; };
		969C49FD16EE7B4D00231878 /* se */ = {isa = PBXFileReference; lastKnownFileType = text.plist.strings; name = se; path = Resources/se.lproj/Localizable.strings; sourceTree = "<group>"; };
		969C4A0016EE7B4D00231878 /* icon.png */ = {isa = PBXFileReference; lastKnownFileType = image.png; name = icon.png; path = Resources/icons/icon.png; sourceTree = "<group>"; };
		969C4A0216EE7B4D00231878 /* icon@2x.png */ = {isa = PBXFileReference; lastKnownFileType = image.png; name = "icon@2x.png"; path = "Resources/icons/icon@2x.png"; sourceTree = "<group>"; };
		969C4A0416EE7B4D00231878 /* icon-72.png */ = {isa = PBXFileReference; lastKnownFileType = image.png; name = "icon-72.png"; path = "Resources/icons/icon-72.png"; sourceTree = "<group>"; };
		969C4A0716EE7B4D00231878 /* Default~iphone.png */ = {isa = PBXFileReference; lastKnownFileType = image.png; name = "Default~iphone.png"; path = "Resources/splash/Default~iphone.png"; sourceTree = "<group>"; };
		969C4A0916EE7B4D00231878 /* Default@2x~iphone.png */ = {isa = PBXFileReference; lastKnownFileType = image.png; name = "Default@2x~iphone.png"; path = "Resources/splash/Default@2x~iphone.png"; sourceTree = "<group>"; };
		969C4A0B16EE7B4D00231878 /* Capture.bundle */ = {isa = PBXFileReference; lastKnownFileType = "wrapper.plug-in"; name = Capture.bundle; path = Resources/Capture.bundle; sourceTree = "<group>"; };
		969C4A0D16EE7B4D00231878 /* Cordova.plist */ = {isa = PBXFileReference; lastKnownFileType = text.plist.xml; path = Cordova.plist; sourceTree = "<group>"; };
		969C4A1016EE7B4D00231878 /* AppDelegate.h */ = {isa = PBXFileReference; lastKnownFileType = sourcecode.c.h; name = AppDelegate.h; path = Classes/AppDelegate.h; sourceTree = "<group>"; };
		969C4A1116EE7B4D00231878 /* AppDelegate.m */ = {isa = PBXFileReference; lastKnownFileType = sourcecode.c.objc; name = AppDelegate.m; path = Classes/AppDelegate.m; sourceTree = "<group>"; };
		969C4A1316EE7B4D00231878 /* MainViewController.h */ = {isa = PBXFileReference; lastKnownFileType = sourcecode.c.h; name = MainViewController.h; path = Classes/MainViewController.h; sourceTree = "<group>"; };
		969C4A1416EE7B4D00231878 /* MainViewController.m */ = {isa = PBXFileReference; lastKnownFileType = sourcecode.c.objc; name = MainViewController.m; path = Classes/MainViewController.m; sourceTree = "<group>"; };
		969C4A1616EE7B4D00231878 /* MainViewController.xib */ = {isa = PBXFileReference; lastKnownFileType = file.xib; name = MainViewController.xib; path = Classes/MainViewController.xib; sourceTree = "<group>"; };
		969C4A1916EE7B4D00231878 /* README */ = {isa = PBXFileReference; lastKnownFileType = text; name = README; path = Plugins/README; sourceTree = "<group>"; };
		969C4A1A16EE7B4D00231878 /* verify.sh */ = {isa = PBXFileReference; lastKnownFileType = text.script.sh; path = verify.sh; sourceTree = "<group>"; };
		969C4A2516EE7C6200231878 /* www */ = {isa = PBXFileReference; lastKnownFileType = folder; path = www; sourceTree = "<group>"; };
		969C4A2716EE7EA000231878 /* Default-568h@2x.png */ = {isa = PBXFileReference; lastKnownFileType = image.png; path = "Default-568h@2x.png"; sourceTree = "<group>"; };
/* End PBXFileReference section */

/* Begin PBXFrameworksBuildPhase section */
		969C49C016EE7B4D00231878 /* Frameworks */ = {
			isa = PBXFrameworksBuildPhase;
			buildActionMask = 2147483647;
			files = (
				969C49CA16EE7B4D00231878 /* Foundation.framework in Frameworks */,
				969C49CC16EE7B4D00231878 /* UIKit.framework in Frameworks */,
				969C49CE16EE7B4D00231878 /* CoreGraphics.framework in Frameworks */,
				969C49D016EE7B4D00231878 /* AddressBook.framework in Frameworks */,
				969C49D216EE7B4D00231878 /* AddressBookUI.framework in Frameworks */,
				969C49D416EE7B4D00231878 /* AudioToolbox.framework in Frameworks */,
				969C49D616EE7B4D00231878 /* AVFoundation.framework in Frameworks */,
				969C49D816EE7B4D00231878 /* CoreLocation.framework in Frameworks */,
				969C49DA16EE7B4D00231878 /* MediaPlayer.framework in Frameworks */,
				969C49DC16EE7B4D00231878 /* QuartzCore.framework in Frameworks */,
				969C49DE16EE7B4D00231878 /* SystemConfiguration.framework in Frameworks */,
				969C49E016EE7B4D00231878 /* MobileCoreServices.framework in Frameworks */,
				969C49E216EE7B4D00231878 /* CoreMedia.framework in Frameworks */,
				969C49ED16EE7B4D00231878 /* Cordova.framework in Frameworks */,
			);
			runOnlyForDeploymentPostprocessing = 0;
		};
		969C49C316EE7B4D00231878 /* Frameworks */ = {
			isa = PBXFrameworksBuildPhase;
			buildActionMask = 2147483647;
			files = (
			);
			runOnlyForDeploymentPostprocessing = 0;
		};
/* End PBXFrameworksBuildPhase section */

/* Begin PBXGroup section */
		969C49BA16EE7B4D00231878 = {
			isa = PBXGroup;
			children = (
				969C4A2716EE7EA000231878 /* Default-568h@2x.png */,
				969C4A2516EE7C6200231878 /* www */,
				969C49E316EE7B4D00231878 /* SVHorn */,
				969C49C816EE7B4D00231878 /* Frameworks */,
				969C49C716EE7B4D00231878 /* Products */,
			);
			sourceTree = "<group>";
		};
		969C49C716EE7B4D00231878 /* Products */ = {
			isa = PBXGroup;
			children = (
				969C49C616EE7B4D00231878 /* SVHorn.app */,
			);
			name = Products;
			sourceTree = "<group>";
		};
		969C49C816EE7B4D00231878 /* Frameworks */ = {
			isa = PBXGroup;
			children = (
				969C49C916EE7B4D00231878 /* Foundation.framework */,
				969C49CB16EE7B4D00231878 /* UIKit.framework */,
				969C49CD16EE7B4D00231878 /* CoreGraphics.framework */,
				969C49CF16EE7B4D00231878 /* AddressBook.framework */,
				969C49D116EE7B4D00231878 /* AddressBookUI.framework */,
				969C49D316EE7B4D00231878 /* AudioToolbox.framework */,
				969C49D516EE7B4D00231878 /* AVFoundation.framework */,
				969C49D716EE7B4D00231878 /* CoreLocation.framework */,
				969C49D916EE7B4D00231878 /* MediaPlayer.framework */,
				969C49DB16EE7B4D00231878 /* QuartzCore.framework */,
				969C49DD16EE7B4D00231878 /* SystemConfiguration.framework */,
				969C49DF16EE7B4D00231878 /* MobileCoreServices.framework */,
				969C49E116EE7B4D00231878 /* CoreMedia.framework */,
			);
			name = Frameworks;
			sourceTree = "<group>";
		};
		969C49E316EE7B4D00231878 /* SVHorn */ = {
			isa = PBXGroup;
			children = (
				969C49EC16EE7B4D00231878 /* Cordova.framework */,
				969C49EE16EE7B4D00231878 /* Resources */,
				969C4A0F16EE7B4D00231878 /* Classes */,
				969C4A1816EE7B4D00231878 /* Plugins */,
				969C49E416EE7B4D00231878 /* Supporting Files */,
			);
			path = SVHorn;
			sourceTree = "<group>";
		};
		969C49E416EE7B4D00231878 /* Supporting Files */ = {
			isa = PBXGroup;
			children = (
				969C49E516EE7B4D00231878 /* SVHorn-Info.plist */,
				969C49E616EE7B4D00231878 /* InfoPlist.strings */,
				969C49E916EE7B4D00231878 /* main.m */,
				969C49EB16EE7B4D00231878 /* SVHorn-Prefix.pch */,
				969C4A0D16EE7B4D00231878 /* Cordova.plist */,
				969C4A1616EE7B4D00231878 /* MainViewController.xib */,
				969C4A1A16EE7B4D00231878 /* verify.sh */,
			);
			name = "Supporting Files";
			sourceTree = "<group>";
		};
		969C49EE16EE7B4D00231878 /* Resources */ = {
			isa = PBXGroup;
			children = (
				969C4A0B16EE7B4D00231878 /* Capture.bundle */,
				969C49EF16EE7B4D00231878 /* en.lproj */,
				969C49F316EE7B4D00231878 /* es.lproj */,
				969C49F716EE7B4D00231878 /* de.lproj */,
				969C49FB16EE7B4D00231878 /* se.lproj */,
				969C49FF16EE7B4D00231878 /* icons */,
				969C4A0616EE7B4D00231878 /* splash */,
			);
			name = Resources;
			sourceTree = "<group>";
		};
		969C49EF16EE7B4D00231878 /* en.lproj */ = {
			isa = PBXGroup;
			children = (
				969C49F016EE7B4D00231878 /* Localizable.strings */,
			);
			name = en.lproj;
			sourceTree = "<group>";
		};
		969C49F316EE7B4D00231878 /* es.lproj */ = {
			isa = PBXGroup;
			children = (
				969C49F416EE7B4D00231878 /* Localizable.strings */,
			);
			name = es.lproj;
			sourceTree = "<group>";
		};
		969C49F716EE7B4D00231878 /* de.lproj */ = {
			isa = PBXGroup;
			children = (
				969C49F816EE7B4D00231878 /* Localizable.strings */,
			);
			name = de.lproj;
			sourceTree = "<group>";
		};
		969C49FB16EE7B4D00231878 /* se.lproj */ = {
			isa = PBXGroup;
			children = (
				969C49FC16EE7B4D00231878 /* Localizable.strings */,
			);
			name = se.lproj;
			sourceTree = "<group>";
		};
		969C49FF16EE7B4D00231878 /* icons */ = {
			isa = PBXGroup;
			children = (
				969C4A0016EE7B4D00231878 /* icon.png */,
				969C4A0216EE7B4D00231878 /* icon@2x.png */,
				969C4A0416EE7B4D00231878 /* icon-72.png */,
			);
			name = icons;
			sourceTree = "<group>";
		};
		969C4A0616EE7B4D00231878 /* splash */ = {
			isa = PBXGroup;
			children = (
				969C4A0716EE7B4D00231878 /* Default~iphone.png */,
				969C4A0916EE7B4D00231878 /* Default@2x~iphone.png */,
			);
			name = splash;
			sourceTree = "<group>";
		};
		969C4A0F16EE7B4D00231878 /* Classes */ = {
			isa = PBXGroup;
			children = (
				969C4A1016EE7B4D00231878 /* AppDelegate.h */,
				969C4A1116EE7B4D00231878 /* AppDelegate.m */,
				969C4A1316EE7B4D00231878 /* MainViewController.h */,
				969C4A1416EE7B4D00231878 /* MainViewController.m */,
			);
			name = Classes;
			sourceTree = "<group>";
		};
		969C4A1816EE7B4D00231878 /* Plugins */ = {
			isa = PBXGroup;
			children = (
				969C4A1916EE7B4D00231878 /* README */,
			);
			name = Plugins;
			sourceTree = "<group>";
		};
/* End PBXGroup section */

/* Begin PBXNativeTarget section */
		969C49C516EE7B4D00231878 /* SVHorn */ = {
			isa = PBXNativeTarget;
			buildConfigurationList = 969C4A1D16EE7B4D00231878 /* Build configuration list for PBXNativeTarget "SVHorn" */;
			buildPhases = (
				969C49BF16EE7B4D00231878 /* Sources */,
				969C49C016EE7B4D00231878 /* Frameworks */,
				969C49C116EE7B4D00231878 /* Resources */,
				969C49C216EE7B4D00231878 /* Sources */,
				969C49C316EE7B4D00231878 /* Frameworks */,
				969C49C416EE7B4D00231878 /* ShellScript */,
			);
			buildRules = (
			);
			dependencies = (
			);
			name = SVHorn;
			productName = SVHorn;
			productReference = 969C49C616EE7B4D00231878 /* SVHorn.app */;
			productType = "com.apple.product-type.application";
		};
/* End PBXNativeTarget section */

/* Begin PBXProject section */
		969C49BB16EE7B4D00231878 /* Project object */ = {
			isa = PBXProject;
			attributes = {
				LastUpgradeCheck = 0460;
				ORGANIZATIONNAME = "Dominik Wagerer";
			};
			buildConfigurationList = 969C49BE16EE7B4D00231878 /* Build configuration list for PBXProject "SVHorn" */;
			compatibilityVersion = "Xcode 3.2";
			developmentRegion = English;
			hasScannedForEncodings = 0;
			knownRegions = (
				en,
				es,
				de,
				se,
			);
			mainGroup = 969C49BA16EE7B4D00231878;
			productRefGroup = 969C49C716EE7B4D00231878 /* Products */;
			projectDirPath = "";
			projectRoot = "";
			targets = (
				969C49C516EE7B4D00231878 /* SVHorn */,
			);
		};
/* End PBXProject section */

/* Begin PBXResourcesBuildPhase section */
		969C49C116EE7B4D00231878 /* Resources */ = {
			isa = PBXResourcesBuildPhase;
			buildActionMask = 2147483647;
			files = (
				969C49E816EE7B4D00231878 /* InfoPlist.strings in Resources */,
				969C49F216EE7B4D00231878 /* Localizable.strings in Resources */,
				969C49F616EE7B4D00231878 /* Localizable.strings in Resources */,
				969C49FA16EE7B4D00231878 /* Localizable.strings in Resources */,
				969C49FE16EE7B4D00231878 /* Localizable.strings in Resources */,
				969C4A0116EE7B4D00231878 /* icon.png in Resources */,
				969C4A0316EE7B4D00231878 /* icon@2x.png in Resources */,
				969C4A0516EE7B4D00231878 /* icon-72.png in Resources */,
				969C4A0816EE7B4D00231878 /* Default~iphone.png in Resources */,
				969C4A0A16EE7B4D00231878 /* Default@2x~iphone.png in Resources */,
				969C4A0C16EE7B4D00231878 /* Capture.bundle in Resources */,
				969C4A0E16EE7B4D00231878 /* Cordova.plist in Resources */,
				969C4A1716EE7B4D00231878 /* MainViewController.xib in Resources */,
				969C4A2616EE7C6200231878 /* www in Resources */,
				969C4A2816EE7EA000231878 /* Default-568h@2x.png in Resources */,
			);
			runOnlyForDeploymentPostprocessing = 0;
		};
/* End PBXResourcesBuildPhase section */

/* Begin PBXShellScriptBuildPhase section */
		969C49C416EE7B4D00231878 /* ShellScript */ = {
			isa = PBXShellScriptBuildPhase;
			buildActionMask = 2147483647;
			files = (
			);
			inputPaths = (
			);
			outputPaths = (
			);
			runOnlyForDeploymentPostprocessing = 0;
			shellPath = /bin/bash;
			shellScript = "\n\t\t\t\t\t\t\t\tchmod 755 \"$PROJECT_DIR/$PROJECT_NAME/verify.sh\"\n\t\t\t\t\t\t\t\t\"$PROJECT_DIR/$PROJECT_NAME/verify.sh\"\n\t\t\t\t\t";
		};
/* End PBXShellScriptBuildPhase section */

/* Begin PBXSourcesBuildPhase section */
		969C49BF16EE7B4D00231878 /* Sources */ = {
			isa = PBXSourcesBuildPhase;
			buildActionMask = 2147483647;
			files = (
				969C49EA16EE7B4D00231878 /* main.m in Sources */,
				969C4A1216EE7B4D00231878 /* AppDelegate.m in Sources */,
				969C4A1516EE7B4D00231878 /* MainViewController.m in Sources */,
			);
			runOnlyForDeploymentPostprocessing = 0;
		};
		969C49C216EE7B4D00231878 /* Sources */ = {
			isa = PBXSourcesBuildPhase;
			buildActionMask = 2147483647;
			files = (
			);
			runOnlyForDeploymentPostprocessing = 0;
		};
/* End PBXSourcesBuildPhase section */

/* Begin PBXVariantGroup section */
		969C49E616EE7B4D00231878 /* InfoPlist.strings */ = {
			isa = PBXVariantGroup;
			children = (
				969C49E716EE7B4D00231878 /* en */,
			);
			name = InfoPlist.strings;
			sourceTree = "<group>";
		};
		969C49F016EE7B4D00231878 /* Localizable.strings */ = {
			isa = PBXVariantGroup;
			children = (
				969C49F116EE7B4D00231878 /* en */,
			);
			name = Localizable.strings;
			sourceTree = "<group>";
		};
		969C49F416EE7B4D00231878 /* Localizable.strings */ = {
			isa = PBXVariantGroup;
			children = (
				969C49F516EE7B4D00231878 /* es */,
			);
			name = Localizable.strings;
			sourceTree = "<group>";
		};
		969C49F816EE7B4D00231878 /* Localizable.strings */ = {
			isa = PBXVariantGroup;
			children = (
				969C49F916EE7B4D00231878 /* de */,
			);
			name = Localizable.strings;
			sourceTree = "<group>";
		};
		969C49FC16EE7B4D00231878 /* Localizable.strings */ = {
			isa = PBXVariantGroup;
			children = (
				969C49FD16EE7B4D00231878 /* se */,
			);
			name = Localizable.strings;
			sourceTree = "<group>";
		};
/* End PBXVariantGroup section */

/* Begin XCBuildConfiguration section */
		969C4A1B16EE7B4D00231878 /* Debug */ = {
			isa = XCBuildConfiguration;
			buildSettings = {
				ALWAYS_SEARCH_USER_PATHS = NO;
				ARCHS = (
					armv6,
					"$(ARCHS_STANDARD_32_BIT)",
				);
				CLANG_CXX_LANGUAGE_STANDARD = "gnu++0x";
				CLANG_CXX_LIBRARY = "libc++";
				CLANG_WARN_CONSTANT_CONVERSION = YES;
				CLANG_WARN_EMPTY_BODY = YES;
				CLANG_WARN_ENUM_CONVERSION = YES;
				CLANG_WARN_INT_CONVERSION = YES;
				CLANG_WARN__DUPLICATE_METHOD_MATCH = YES;
				"CODE_SIGN_IDENTITY[sdk=iphoneos*]" = "iPhone Developer";
				COPY_PHASE_STRIP = NO;
				GCC_C_LANGUAGE_STANDARD = gnu99;
				GCC_DYNAMIC_NO_PIC = NO;
				GCC_OPTIMIZATION_LEVEL = 0;
				GCC_PREPROCESSOR_DEFINITIONS = (
					"DEBUG=1",
					"$(inherited)",
				);
				GCC_SYMBOLS_PRIVATE_EXTERN = NO;
				GCC_VERSION = com.apple.compilers.llvm.clang.1_0;
				GCC_WARN_ABOUT_RETURN_TYPE = YES;
				GCC_WARN_UNINITIALIZED_AUTOS = YES;
				GCC_WARN_UNUSED_VARIABLE = YES;
				IPHONEOS_DEPLOYMENT_TARGET = 3.0;
				ONLY_ACTIVE_ARCH = YES;
				SDKROOT = iphoneos;
			};
			name = Debug;
		};
		969C4A1C16EE7B4D00231878 /* Release */ = {
			isa = XCBuildConfiguration;
			buildSettings = {
				ALWAYS_SEARCH_USER_PATHS = NO;
				ARCHS = (
					armv6,
					"$(ARCHS_STANDARD_32_BIT)",
				);
				CLANG_CXX_LANGUAGE_STANDARD = "gnu++0x";
				CLANG_CXX_LIBRARY = "libc++";
				CLANG_WARN_CONSTANT_CONVERSION = YES;
				CLANG_WARN_EMPTY_BODY = YES;
				CLANG_WARN_ENUM_CONVERSION = YES;
				CLANG_WARN_INT_CONVERSION = YES;
				CLANG_WARN__DUPLICATE_METHOD_MATCH = YES;
				"CODE_SIGN_IDENTITY[sdk=iphoneos*]" = "iPhone Developer";
				COPY_PHASE_STRIP = YES;
				GCC_C_LANGUAGE_STANDARD = gnu99;
				GCC_VERSION = com.apple.compilers.llvm.clang.1_0;
				GCC_WARN_ABOUT_RETURN_TYPE = YES;
				GCC_WARN_UNINITIALIZED_AUTOS = YES;
				GCC_WARN_UNUSED_VARIABLE = YES;
				IPHONEOS_DEPLOYMENT_TARGET = 3.0;
				SDKROOT = iphoneos;
				VALIDATE_PRODUCT = YES;
			};
			name = Release;
		};
		969C4A1E16EE7B4D00231878 /* Debug */ = {
			isa = XCBuildConfiguration;
			buildSettings = {
				ALWAYS_SEARCH_USER_PATHS = YES;
				COPY_PHASE_STRIP = NO;
				FRAMEWORK_SEARCH_PATHS = /Users/Shared/Cordova/Frameworks;
				GCC_DYNAMIC_NO_PIC = NO;
				GCC_PRECOMPILE_PREFIX_HEADER = YES;
				GCC_PREFIX_HEADER = "SVHorn/SVHorn-Prefix.pch";
				GCC_PREPROCESSOR_DEFINITIONS = (
					"DEBUG=1,",
					"CORDOVA_FRAMEWORK=1",
				);
				INFOPLIST_FILE = "SVHorn/SVHorn-Info.plist";
				OTHER_LDFLAGS = (
					"-weak_framework",
					UIKit,
					"-weak_framework",
					AVFoundation,
					"-weak_framework",
					CoreMedia,
					"-weak-lSystem",
				);
				PRODUCT_NAME = "$(TARGET_NAME)";
				TARGETED_DEVICE_FAMILY = "1,2";
				WRAPPER_EXTENSION = app;
			};
			name = Debug;
		};
		969C4A1F16EE7B4D00231878 /* Release */ = {
			isa = XCBuildConfiguration;
			buildSettings = {
				ALWAYS_SEARCH_USER_PATHS = YES;
				COPY_PHASE_STRIP = YES;
				DEBUG_INFORMATION_FORMAT = "dwarf-with-dsym";
				FRAMEWORK_SEARCH_PATHS = /Users/Shared/Cordova/Frameworks;
				GCC_PRECOMPILE_PREFIX_HEADER = YES;
				GCC_PREFIX_HEADER = "SVHorn/SVHorn-Prefix.pch";
				GCC_PREPROCESSOR_DEFINITIONS = (
					"NDEBUG=1,",
					"CORDOVA_FRAMEWORK=1",
				);
				INFOPLIST_FILE = "SVHorn/SVHorn-Info.plist";
				OTHER_LDFLAGS = (
					"-weak_framework",
					UIKit,
					"-weak_framework",
					AVFoundation,
					"-weak_framework",
					CoreMedia,
					"-weak-lSystem",
				);
				PRODUCT_NAME = "$(TARGET_NAME)";
				TARGETED_DEVICE_FAMILY = "1,2";
				VALIDATE_PRODUCT = YES;
				WRAPPER_EXTENSION = app;
			};
			name = Release;
		};
/* End XCBuildConfiguration section */

/* Begin XCConfigurationList section */
		969C49BE16EE7B4D00231878 /* Build configuration list for PBXProject "SVHorn" */ = {
			isa = XCConfigurationList;
			buildConfigurations = (
				969C4A1B16EE7B4D00231878 /* Debug */,
				969C4A1C16EE7B4D00231878 /* Release */,
			);
			defaultConfigurationIsVisible = 0;
			defaultConfigurationName = Release;
		};
		969C4A1D16EE7B4D00231878 /* Build configuration list for PBXNativeTarget "SVHorn" */ = {
			isa = XCConfigurationList;
			buildConfigurations = (
				969C4A1E16EE7B4D00231878 /* Debug */,
				969C4A1F16EE7B4D00231878 /* Release */,
			);
			defaultConfigurationIsVisible = 0;
		};
/* End XCConfigurationList section */
	};
	rootObject = 969C49BB16EE7B4D00231878 /* Project object */;
}
